
Microsoft Visual Studio Solution File, Format Version 12.00
# Visual Studio Version 17
VisualStudioVersion = 17.8.34601.278
MinimumVisualStudioVersion = 10.0.40219.1
Project("{FAE04EC0-301F-11D3-BF4B-00C04F79EFBC}") = "PruebaEdenred", "PruebaEdenred.csproj", "{499BE08B-50CA-4F8E-B388-D89EAAE9EA85}"
EndProject
Global
	GlobalSection(SolutionConfigurationPlatforms) = preSolution
		Debug|Any CPU = Debug|Any CPU
		Release|Any CPU = Release|Any CPU
	EndGlobalSection
	GlobalSection(ProjectConfigurationPlatforms) = postSolution
		{499BE08B-50CA-4F8E-B388-D89EAAE9EA85}.Debug|Any CPU.ActiveCfg = Debug|Any CPU
		{499BE08B-50CA-4F8E-B388-D89EAAE9EA85}.Debug|Any CPU.Build.0 = Debug|Any CPU
		{499BE08B-50CA-4F8E-B388-D89EAAE9EA85}.Release|Any CPU.ActiveCfg = Release|Any CPU
		{499BE08B-50CA-4F8E-B388-D89EAAE9EA85}.Release|Any CPU.Build.0 = Release|Any CPU
	EndGlobalSection
	GlobalSection(SolutionProperties) = preSolution
		HideSolutionNode = FALSE
	EndGlobalSection
	GlobalSection(ExtensibilityGlobals) = postSolution
		SolutionGuid = {0888C72E-B66D-4662-9A5B-90258637FA7C}
	EndGlobalSection
EndGlobal
